
Microsoft Visual Studio Solution File, Format Version 12.00
# Visual Studio 14
VisualStudioVersion = 14.0.25420.1
MinimumVisualStudioVersion = 10.0.40219.1
Project("{FAE04EC0-301F-11D3-BF4B-00C04F79EFBC}") = "MyFirstWindowsService", "MyFirstWindowsService\MyFirstWindowsService.csproj", "{A5BD8689-0021-4042-9EFC-E7CBB7C60594}"
EndProject
Project("{54435603-DBB4-11D2-8724-00A0C9A8B90C}") = "MyServiceSetup", "Setup1\Setup1.vdproj", "{C42C84BA-B6CE-44AD-80D4-1D2C622C1041}"
EndProject
Global
	GlobalSection(SolutionConfigurationPlatforms) = preSolution
		Debug|Any CPU = Debug|Any CPU
		Release|Any CPU = Release|Any CPU
	EndGlobalSection
	GlobalSection(ProjectConfigurationPlatforms) = postSolution
		{A5BD8689-0021-4042-9EFC-E7CBB7C60594}.Debug|Any CPU.ActiveCfg = Debug|Any CPU
		{A5BD8689-0021-4042-9EFC-E7CBB7C60594}.Debug|Any CPU.Build.0 = Debug|Any CPU
		{A5BD8689-0021-4042-9EFC-E7CBB7C60594}.Release|Any CPU.ActiveCfg = Release|Any CPU
		{A5BD8689-0021-4042-9EFC-E7CBB7C60594}.Release|Any CPU.Build.0 = Release|Any CPU
		{C42C84BA-B6CE-44AD-80D4-1D2C622C1041}.Debug|Any CPU.ActiveCfg = Debug
		{C42C84BA-B6CE-44AD-80D4-1D2C622C1041}.Release|Any CPU.ActiveCfg = Release
	EndGlobalSection
	GlobalSection(SolutionProperties) = preSolution
		HideSolutionNode = FALSE
	EndGlobalSection
EndGlobal
